
Microsoft Visual Studio Solution File, Format Version 12.00
# Visual Studio Version 17
VisualStudioVersion = 17.3.32901.215
MinimumVisualStudioVersion = 10.0.40219.1
Project("{FAE04EC0-301F-11D3-BF4B-00C04F79EFBC}") = "ClassLibraryPlayers", "ClassLibraryPlayers\ClassLibraryPlayers.csproj", "{87C88B3C-FC85-450B-A2D0-2088E0905A1E}"
EndProject
Global
	GlobalSection(SolutionConfigurationPlatforms) = preSolution
		Debug|Any CPU = Debug|Any CPU
		Release|Any CPU = Release|Any CPU
	EndGlobalSection
	GlobalSection(ProjectConfigurationPlatforms) = postSolution
		{87C88B3C-FC85-450B-A2D0-2088E0905A1E}.Debug|Any CPU.ActiveCfg = Debug|Any CPU
		{87C88B3C-FC85-450B-A2D0-2088E0905A1E}.Debug|Any CPU.Build.0 = Debug|Any CPU
		{87C88B3C-FC85-450B-A2D0-2088E0905A1E}.Release|Any CPU.ActiveCfg = Release|Any CPU
		{87C88B3C-FC85-450B-A2D0-2088E0905A1E}.Release|Any CPU.Build.0 = Release|Any CPU
	EndGlobalSection
	GlobalSection(SolutionProperties) = preSolution
		HideSolutionNode = FALSE
	EndGlobalSection
	GlobalSection(ExtensibilityGlobals) = postSolution
		SolutionGuid = {EED3E0AD-4192-4775-BBBD-0765ABC0BAFD}
	EndGlobalSection
EndGlobal
